
Microsoft Visual Studio Solution File, Format Version 12.00
# Visual Studio 15
VisualStudioVersion = 15.0.26430.16
MinimumVisualStudioVersion = 10.0.40219.1
Project("{8BC9CEB8-8B4A-11D0-8D11-00A0C91BC942}") = "roscpp", "..\gitsrc\ros_comm\clients\roscpp\buildit\roscpp.vcxproj", "{887E8C84-DFF6-38F4-9BCD-66EED843CD02}"
EndProject
Project("{8BC9CEB8-8B4A-11D0-8D11-00A0C91BC942}") = "rostime", "..\gitsrc\roscpp_core\rostime\buildit\rostime.vcxproj", "{CCA9BF59-616D-3538-8C96-56165A8F04DB}"
EndProject
Project("{8BC9CEB8-8B4A-11D0-8D11-00A0C91BC942}") = "cpp_common", "..\gitsrc\roscpp_core\cpp_common\buildit\cpp_common.vcxproj", "{28E36FD4-ECB3-3FF0-B0EA-8B7A43246413}"
EndProject
Project("{8BC9CEB8-8B4A-11D0-8D11-00A0C91BC942}") = "rosconsole", "..\gitsrc\ros_comm\tools\rosconsole\buildit\rosconsole.vcxproj", "{18635FA7-8321-3BB6-A417-71C2B9261AE2}"
EndProject
Project("{8BC9CEB8-8B4A-11D0-8D11-00A0C91BC942}") = "rosconsole_backend_interface", "..\gitsrc\ros_comm\tools\rosconsole\buildit\rosconsole_backend_interface.vcxproj", "{CF7EAE32-8EBE-3E75-A830-A1E27D0B1C29}"
EndProject
Project("{8BC9CEB8-8B4A-11D0-8D11-00A0C91BC942}") = "rosconsole_log4cxx", "..\gitsrc\ros_comm\tools\rosconsole\buildit\rosconsole_log4cxx.vcxproj", "{FE7DB81A-7054-3A8B-9001-D5BD24FB46C2}"
EndProject
Project("{8BC9CEB8-8B4A-11D0-8D11-00A0C91BC942}") = "roscpp_serialization", "..\gitsrc\roscpp_core\roscpp_serialization\buildit\roscpp_serialization.vcxproj", "{60963F2A-EF03-30E1-BED3-6DAB415BF953}"
EndProject
Project("{8BC9CEB8-8B4A-11D0-8D11-00A0C91BC942}") = "xmlrpcpp", "..\gitsrc\ros_comm\utilities\xmlrpcpp\buildit\xmlrpcpp.vcxproj", "{68348866-476D-3354-858C-54D146D320E1}"
EndProject
Project("{8BC9CEB8-8B4A-11D0-8D11-00A0C91BC942}") = "log4cxx", "..\..\repos\log4cxx\apache-log4cxx-0.10.0\projects\log4cxx.vcxproj", "{1DAE055D-2BC1-4FA5-A540-7FD163171C53}"
EndProject
Project("{8BC9CEB8-8B4A-11D0-8D11-00A0C91BC942}") = "console_bridge", "..\gitsrc\console_bridge\buildit\console_bridge.vcxproj", "{C0D9C454-2BFF-3048-8592-96C05B86EB4C}"
EndProject
Project("{8BC9CEB8-8B4A-11D0-8D11-00A0C91BC942}") = "aprutil", "..\..\repos\log4cxx\apache-log4cxx-0.10.0\apr-util\aprutil.vcxproj", "{737AB8D8-510F-4ED5-BE25-E7DEC2B74477}"
EndProject
Project("{8BC9CEB8-8B4A-11D0-8D11-00A0C91BC942}") = "apr", "..\..\repos\log4cxx\apache-log4cxx-0.10.0\apr_later\apr\apr.vcxproj", "{008A424E-94FA-D0CE-8F78-8E655BAA0759}"
EndProject
Project("{8BC9CEB8-8B4A-11D0-8D11-00A0C91BC942}") = "expat_static", "..\..\repos\log4cxx\libexpat\expat\lib\expat_static.vcxproj", "{58A821BC-E4AF-4DF4-9A54-2BAA22B92615}"
EndProject
Project("{8BC9CEB8-8B4A-11D0-8D11-00A0C91BC942}") = "GregROSInterop", "..\ROSKineticInterop\GregROSInterop\GregROSInterop.vcxproj", "{2C3013F3-3D76-4949-84F5-2F82EF7E3533}"
EndProject
Project("{2150E333-8FDC-42A3-9474-1A3956D46DE8}") = "Solution Items", "Solution Items", "{6D5F83D5-FFEE-43C5-AFFC-B24DFE9FFBFD}"
	ProjectSection(SolutionItems) = preProject
		readme.txt = readme.txt
	EndProjectSection
EndProject
Project("{2150E333-8FDC-42A3-9474-1A3956D46DE8}") = "main", "main", "{6586F7EE-54C7-49BF-AF54-9D474282E812}"
EndProject
Project("{2150E333-8FDC-42A3-9474-1A3956D46DE8}") = "supporting", "supporting", "{7CBF3E96-FD89-4E71-A2D7-2728819ADCBB}"
EndProject
Project("{2150E333-8FDC-42A3-9474-1A3956D46DE8}") = "log4cxx_stuff", "log4cxx_stuff", "{76397EB0-3F3C-4DB0-893E-076302129678}"
EndProject
Project("{2150E333-8FDC-42A3-9474-1A3956D46DE8}") = "supportinglog", "supportinglog", "{98261565-4438-474D-BE43-6E76EE0A3CC6}"
EndProject
Project("{2150E333-8FDC-42A3-9474-1A3956D46DE8}") = "ros", "ros", "{B7C9F5EA-F00B-4ABC-BACC-7183953C2DAF}"
EndProject
Project("{2150E333-8FDC-42A3-9474-1A3956D46DE8}") = "interop", "interop", "{C1C6A58B-CA31-4EB4-B171-18446A80542A}"
EndProject
Project("{8BC9CEB8-8B4A-11D0-8D11-00A0C91BC942}") = "tf2", "..\gitsrc\geometry2\tf2\buildit\tf2.vcxproj", "{24010D81-F0CD-3899-A86B-85A772D40098}"
EndProject
Project("{8BC9CEB8-8B4A-11D0-8D11-00A0C91BC942}") = "kinetic_console", "kinetic_console\kintetic.vcxproj", "{2595D2BF-ECF4-4480-AE3A-E25BCAC6800E}"
EndProject
Project("{888888A0-9F3D-457C-B088-3A5042F75D52}") = "ROSPyTesting", "..\..\Users\gbrill\Dropbox\Repos\kinetic\share\ROSPyTesting\ROSPyTesting.pyproj", "{6A696997-6E0B-4BE3-A7EA-745DEDE66DED}"
EndProject
Global
	GlobalSection(SolutionConfigurationPlatforms) = preSolution
		Debug|Any CPU = Debug|Any CPU
		Debug|x64 = Debug|x64
		Debug|x86 = Debug|x86
		Debug9x|Any CPU = Debug9x|Any CPU
		Debug9x|x64 = Debug9x|x64
		Debug9x|x86 = Debug9x|x86
		MinSizeRel|Any CPU = MinSizeRel|Any CPU
		MinSizeRel|x64 = MinSizeRel|x64
		MinSizeRel|x86 = MinSizeRel|x86
		Release|Any CPU = Release|Any CPU
		Release|x64 = Release|x64
		Release|x86 = Release|x86
		Release9x|Any CPU = Release9x|Any CPU
		Release9x|x64 = Release9x|x64
		Release9x|x86 = Release9x|x86
		RelWithDebInfo|Any CPU = RelWithDebInfo|Any CPU
		RelWithDebInfo|x64 = RelWithDebInfo|x64
		RelWithDebInfo|x86 = RelWithDebInfo|x86
		Template|Any CPU = Template|Any CPU
		Template|x64 = Template|x64
		Template|x86 = Template|x86
	EndGlobalSection
	GlobalSection(ProjectConfigurationPlatforms) = postSolution
		{887E8C84-DFF6-38F4-9BCD-66EED843CD02}.Debug|Any CPU.ActiveCfg = Debug|x64
		{887E8C84-DFF6-38F4-9BCD-66EED843CD02}.Debug|x64.ActiveCfg = Debug|x64
		{887E8C84-DFF6-38F4-9BCD-66EED843CD02}.Debug|x64.Build.0 = Debug|x64
		{887E8C84-DFF6-38F4-9BCD-66EED843CD02}.Debug|x86.ActiveCfg = Debug|x64
		{887E8C84-DFF6-38F4-9BCD-66EED843CD02}.Debug9x|Any CPU.ActiveCfg = RelWithDebInfo|x64
		{887E8C84-DFF6-38F4-9BCD-66EED843CD02}.Debug9x|Any CPU.Build.0 = RelWithDebInfo|x64
		{887E8C84-DFF6-38F4-9BCD-66EED843CD02}.Debug9x|x64.ActiveCfg = Debug|x64
		{887E8C84-DFF6-38F4-9BCD-66EED843CD02}.Debug9x|x64.Build.0 = Debug|x64
		{887E8C84-DFF6-38F4-9BCD-66EED843CD02}.Debug9x|x86.ActiveCfg = MinSizeRel|x64
		{887E8C84-DFF6-38F4-9BCD-66EED843CD02}.Debug9x|x86.Build.0 = MinSizeRel|x64
		{887E8C84-DFF6-38F4-9BCD-66EED843CD02}.MinSizeRel|Any CPU.ActiveCfg = MinSizeRel|x64
		{887E8C84-DFF6-38F4-9BCD-66EED843CD02}.MinSizeRel|x64.ActiveCfg = MinSizeRel|x64
		{887E8C84-DFF6-38F4-9BCD-66EED843CD02}.MinSizeRel|x64.Build.0 = MinSizeRel|x64
		{887E8C84-DFF6-38F4-9BCD-66EED843CD02}.MinSizeRel|x86.ActiveCfg = MinSizeRel|x64
		{887E8C84-DFF6-38F4-9BCD-66EED843CD02}.Release|Any CPU.ActiveCfg = Release|x64
		{887E8C84-DFF6-38F4-9BCD-66EED843CD02}.Release|x64.ActiveCfg = Release|x64
		{887E8C84-DFF6-38F4-9BCD-66EED843CD02}.Release|x64.Build.0 = Release|x64
		{887E8C84-DFF6-38F4-9BCD-66EED843CD02}.Release|x86.ActiveCfg = Release|x64
		{887E8C84-DFF6-38F4-9BCD-66EED843CD02}.Release9x|Any CPU.ActiveCfg = RelWithDebInfo|x64
		{887E8C84-DFF6-38F4-9BCD-66EED843CD02}.Release9x|Any CPU.Build.0 = RelWithDebInfo|x64
		{887E8C84-DFF6-38F4-9BCD-66EED843CD02}.Release9x|x64.ActiveCfg = Release|x64
		{887E8C84-DFF6-38F4-9BCD-66EED843CD02}.Release9x|x64.Build.0 = Release|x64
		{887E8C84-DFF6-38F4-9BCD-66EED843CD02}.Release9x|x86.ActiveCfg = MinSizeRel|x64
		{887E8C84-DFF6-38F4-9BCD-66EED843CD02}.Release9x|x86.Build.0 = MinSizeRel|x64
		{887E8C84-DFF6-38F4-9BCD-66EED843CD02}.RelWithDebInfo|Any CPU.ActiveCfg = RelWithDebInfo|x64
		{887E8C84-DFF6-38F4-9BCD-66EED843CD02}.RelWithDebInfo|x64.ActiveCfg = RelWithDebInfo|x64
		{887E8C84-DFF6-38F4-9BCD-66EED843CD02}.RelWithDebInfo|x64.Build.0 = RelWithDebInfo|x64
		{887E8C84-DFF6-38F4-9BCD-66EED843CD02}.RelWithDebInfo|x86.ActiveCfg = RelWithDebInfo|x64
		{887E8C84-DFF6-38F4-9BCD-66EED843CD02}.Template|Any CPU.ActiveCfg = RelWithDebInfo|x64
		{887E8C84-DFF6-38F4-9BCD-66EED843CD02}.Template|Any CPU.Build.0 = RelWithDebInfo|x64
		{887E8C84-DFF6-38F4-9BCD-66EED843CD02}.Template|x64.ActiveCfg = MinSizeRel|x64
		{887E8C84-DFF6-38F4-9BCD-66EED843CD02}.Template|x64.Build.0 = MinSizeRel|x64
		{887E8C84-DFF6-38F4-9BCD-66EED843CD02}.Template|x86.ActiveCfg = MinSizeRel|x64
		{887E8C84-DFF6-38F4-9BCD-66EED843CD02}.Template|x86.Build.0 = MinSizeRel|x64
		{CCA9BF59-616D-3538-8C96-56165A8F04DB}.Debug|Any CPU.ActiveCfg = Debug|x64
		{CCA9BF59-616D-3538-8C96-56165A8F04DB}.Debug|x64.ActiveCfg = Debug|x64
		{CCA9BF59-616D-3538-8C96-56165A8F04DB}.Debug|x64.Build.0 = Debug|x64
		{CCA9BF59-616D-3538-8C96-56165A8F04DB}.Debug|x86.ActiveCfg = Debug|x64
		{CCA9BF59-616D-3538-8C96-56165A8F04DB}.Debug9x|Any CPU.ActiveCfg = RelWithDebInfo|x64
		{CCA9BF59-616D-3538-8C96-56165A8F04DB}.Debug9x|Any CPU.Build.0 = RelWithDebInfo|x64
		{CCA9BF59-616D-3538-8C96-56165A8F04DB}.Debug9x|x64.ActiveCfg = Debug|x64
		{CCA9BF59-616D-3538-8C96-56165A8F04DB}.Debug9x|x64.Build.0 = Debug|x64
		{CCA9BF59-616D-3538-8C96-56165A8F04DB}.Debug9x|x86.ActiveCfg = MinSizeRel|x64
		{CCA9BF59-616D-3538-8C96-56165A8F04DB}.Debug9x|x86.Build.0 = MinSizeRel|x64
		{CCA9BF59-616D-3538-8C96-56165A8F04DB}.MinSizeRel|Any CPU.ActiveCfg = MinSizeRel|x64
		{CCA9BF59-616D-3538-8C96-56165A8F04DB}.MinSizeRel|x64.ActiveCfg = MinSizeRel|x64
		{CCA9BF59-616D-3538-8C96-56165A8F04DB}.MinSizeRel|x64.Build.0 = MinSizeRel|x64
		{CCA9BF59-616D-3538-8C96-56165A8F04DB}.MinSizeRel|x86.ActiveCfg = MinSizeRel|x64
		{CCA9BF59-616D-3538-8C96-56165A8F04DB}.Release|Any CPU.ActiveCfg = Release|x64
		{CCA9BF59-616D-3538-8C96-56165A8F04DB}.Release|x64.ActiveCfg = Release|x64
		{CCA9BF59-616D-3538-8C96-56165A8F04DB}.Release|x64.Build.0 = Release|x64
		{CCA9BF59-616D-3538-8C96-56165A8F04DB}.Release|x86.ActiveCfg = Release|x64
		{CCA9BF59-616D-3538-8C96-56165A8F04DB}.Release9x|Any CPU.ActiveCfg = RelWithDebInfo|x64
		{CCA9BF59-616D-3538-8C96-56165A8F04DB}.Release9x|Any CPU.Build.0 = RelWithDebInfo|x64
		{CCA9BF59-616D-3538-8C96-56165A8F04DB}.Release9x|x64.ActiveCfg = Release|x64
		{CCA9BF59-616D-3538-8C96-56165A8F04DB}.Release9x|x64.Build.0 = Release|x64
		{CCA9BF59-616D-3538-8C96-56165A8F04DB}.Release9x|x86.ActiveCfg = MinSizeRel|x64
		{CCA9BF59-616D-3538-8C96-56165A8F04DB}.Release9x|x86.Build.0 = MinSizeRel|x64
		{CCA9BF59-616D-3538-8C96-56165A8F04DB}.RelWithDebInfo|Any CPU.ActiveCfg = RelWithDebInfo|x64
		{CCA9BF59-616D-3538-8C96-56165A8F04DB}.RelWithDebInfo|x64.ActiveCfg = RelWithDebInfo|x64
		{CCA9BF59-616D-3538-8C96-56165A8F04DB}.RelWithDebInfo|x64.Build.0 = RelWithDebInfo|x64
		{CCA9BF59-616D-3538-8C96-56165A8F04DB}.RelWithDebInfo|x86.ActiveCfg = RelWithDebInfo|x64
		{CCA9BF59-616D-3538-8C96-56165A8F04DB}.Template|Any CPU.ActiveCfg = RelWithDebInfo|x64
		{CCA9BF59-616D-3538-8C96-56165A8F04DB}.Template|Any CPU.Build.0 = RelWithDebInfo|x64
		{CCA9BF59-616D-3538-8C96-56165A8F04DB}.Template|x64.ActiveCfg = MinSizeRel|x64
		{CCA9BF59-616D-3538-8C96-56165A8F04DB}.Template|x64.Build.0 = MinSizeRel|x64
		{CCA9BF59-616D-3538-8C96-56165A8F04DB}.Template|x86.ActiveCfg = MinSizeRel|x64
		{CCA9BF59-616D-3538-8C96-56165A8F04DB}.Template|x86.Build.0 = MinSizeRel|x64
		{28E36FD4-ECB3-3FF0-B0EA-8B7A43246413}.Debug|Any CPU.ActiveCfg = Debug|x64
		{28E36FD4-ECB3-3FF0-B0EA-8B7A43246413}.Debug|x64.ActiveCfg = Debug|x64
		{28E36FD4-ECB3-3FF0-B0EA-8B7A43246413}.Debug|x64.Build.0 = Debug|x64
		{28E36FD4-ECB3-3FF0-B0EA-8B7A43246413}.Debug|x86.ActiveCfg = Debug|x64
		{28E36FD4-ECB3-3FF0-B0EA-8B7A43246413}.Debug9x|Any CPU.ActiveCfg = RelWithDebInfo|x64
		{28E36FD4-ECB3-3FF0-B0EA-8B7A43246413}.Debug9x|Any CPU.Build.0 = RelWithDebInfo|x64
		{28E36FD4-ECB3-3FF0-B0EA-8B7A43246413}.Debug9x|x64.ActiveCfg = Debug|x64
		{28E36FD4-ECB3-3FF0-B0EA-8B7A43246413}.Debug9x|x64.Build.0 = Debug|x64
		{28E36FD4-ECB3-3FF0-B0EA-8B7A43246413}.Debug9x|x86.ActiveCfg = MinSizeRel|x64
		{28E36FD4-ECB3-3FF0-B0EA-8B7A43246413}.Debug9x|x86.Build.0 = MinSizeRel|x64
		{28E36FD4-ECB3-3FF0-B0EA-8B7A43246413}.MinSizeRel|Any CPU.ActiveCfg = MinSizeRel|x64
		{28E36FD4-ECB3-3FF0-B0EA-8B7A43246413}.MinSizeRel|x64.ActiveCfg = MinSizeRel|x64
		{28E36FD4-ECB3-3FF0-B0EA-8B7A43246413}.MinSizeRel|x64.Build.0 = MinSizeRel|x64
		{28E36FD4-ECB3-3FF0-B0EA-8B7A43246413}.MinSizeRel|x86.ActiveCfg = MinSizeRel|x64
		{28E36FD4-ECB3-3FF0-B0EA-8B7A43246413}.Release|Any CPU.ActiveCfg = Release|x64
		{28E36FD4-ECB3-3FF0-B0EA-8B7A43246413}.Release|x64.ActiveCfg = Release|x64
		{28E36FD4-ECB3-3FF0-B0EA-8B7A43246413}.Release|x64.Build.0 = Release|x64
		{28E36FD4-ECB3-3FF0-B0EA-8B7A43246413}.Release|x86.ActiveCfg = Release|x64
		{28E36FD4-ECB3-3FF0-B0EA-8B7A43246413}.Release9x|Any CPU.ActiveCfg = RelWithDebInfo|x64
		{28E36FD4-ECB3-3FF0-B0EA-8B7A43246413}.Release9x|Any CPU.Build.0 = RelWithDebInfo|x64
		{28E36FD4-ECB3-3FF0-B0EA-8B7A43246413}.Release9x|x64.ActiveCfg = Release|x64
		{28E36FD4-ECB3-3FF0-B0EA-8B7A43246413}.Release9x|x64.Build.0 = Release|x64
		{28E36FD4-ECB3-3FF0-B0EA-8B7A43246413}.Release9x|x86.ActiveCfg = MinSizeRel|x64
		{28E36FD4-ECB3-3FF0-B0EA-8B7A43246413}.Release9x|x86.Build.0 = MinSizeRel|x64
		{28E36FD4-ECB3-3FF0-B0EA-8B7A43246413}.RelWithDebInfo|Any CPU.ActiveCfg = RelWithDebInfo|x64
		{28E36FD4-ECB3-3FF0-B0EA-8B7A43246413}.RelWithDebInfo|x64.ActiveCfg = RelWithDebInfo|x64
		{28E36FD4-ECB3-3FF0-B0EA-8B7A43246413}.RelWithDebInfo|x64.Build.0 = RelWithDebInfo|x64
		{28E36FD4-ECB3-3FF0-B0EA-8B7A43246413}.RelWithDebInfo|x86.ActiveCfg = RelWithDebInfo|x64
		{28E36FD4-ECB3-3FF0-B0EA-8B7A43246413}.Template|Any CPU.ActiveCfg = RelWithDebInfo|x64
		{28E36FD4-ECB3-3FF0-B0EA-8B7A43246413}.Template|Any CPU.Build.0 = RelWithDebInfo|x64
		{28E36FD4-ECB3-3FF0-B0EA-8B7A43246413}.Template|x64.ActiveCfg = MinSizeRel|x64
		{28E36FD4-ECB3-3FF0-B0EA-8B7A43246413}.Template|x64.Build.0 = MinSizeRel|x64
		{28E36FD4-ECB3-3FF0-B0EA-8B7A43246413}.Template|x86.ActiveCfg = MinSizeRel|x64
		{28E36FD4-ECB3-3FF0-B0EA-8B7A43246413}.Template|x86.Build.0 = MinSizeRel|x64
		{18635FA7-8321-3BB6-A417-71C2B9261AE2}.Debug|Any CPU.ActiveCfg = Debug|x64
		{18635FA7-8321-3BB6-A417-71C2B9261AE2}.Debug|x64.ActiveCfg = Debug|x64
		{18635FA7-8321-3BB6-A417-71C2B9261AE2}.Debug|x64.Build.0 = Debug|x64
		{18635FA7-8321-3BB6-A417-71C2B9261AE2}.Debug|x86.ActiveCfg = Debug|x64
		{18635FA7-8321-3BB6-A417-71C2B9261AE2}.Debug9x|Any CPU.ActiveCfg = RelWithDebInfo|x64
		{18635FA7-8321-3BB6-A417-71C2B9261AE2}.Debug9x|Any CPU.Build.0 = RelWithDebInfo|x64
		{18635FA7-8321-3BB6-A417-71C2B9261AE2}.Debug9x|x64.ActiveCfg = Debug|x64
		{18635FA7-8321-3BB6-A417-71C2B9261AE2}.Debug9x|x64.Build.0 = Debug|x64
		{18635FA7-8321-3BB6-A417-71C2B9261AE2}.Debug9x|x86.ActiveCfg = MinSizeRel|x64
		{18635FA7-8321-3BB6-A417-71C2B9261AE2}.Debug9x|x86.Build.0 = MinSizeRel|x64
		{18635FA7-8321-3BB6-A417-71C2B9261AE2}.MinSizeRel|Any CPU.ActiveCfg = MinSizeRel|x64
		{18635FA7-8321-3BB6-A417-71C2B9261AE2}.MinSizeRel|x64.ActiveCfg = MinSizeRel|x64
		{18635FA7-8321-3BB6-A417-71C2B9261AE2}.MinSizeRel|x64.Build.0 = MinSizeRel|x64
		{18635FA7-8321-3BB6-A417-71C2B9261AE2}.MinSizeRel|x86.ActiveCfg = MinSizeRel|x64
		{18635FA7-8321-3BB6-A417-71C2B9261AE2}.Release|Any CPU.ActiveCfg = Release|x64
		{18635FA7-8321-3BB6-A417-71C2B9261AE2}.Release|x64.ActiveCfg = Release|x64
		{18635FA7-8321-3BB6-A417-71C2B9261AE2}.Release|x64.Build.0 = Release|x64
		{18635FA7-8321-3BB6-A417-71C2B9261AE2}.Release|x86.ActiveCfg = Release|x64
		{18635FA7-8321-3BB6-A417-71C2B9261AE2}.Release9x|Any CPU.ActiveCfg = RelWithDebInfo|x64
		{18635FA7-8321-3BB6-A417-71C2B9261AE2}.Release9x|Any CPU.Build.0 = RelWithDebInfo|x64
		{18635FA7-8321-3BB6-A417-71C2B9261AE2}.Release9x|x64.ActiveCfg = Release|x64
		{18635FA7-8321-3BB6-A417-71C2B9261AE2}.Release9x|x64.Build.0 = Release|x64
		{18635FA7-8321-3BB6-A417-71C2B9261AE2}.Release9x|x86.ActiveCfg = MinSizeRel|x64
		{18635FA7-8321-3BB6-A417-71C2B9261AE2}.Release9x|x86.Build.0 = MinSizeRel|x64
		{18635FA7-8321-3BB6-A417-71C2B9261AE2}.RelWithDebInfo|Any CPU.ActiveCfg = RelWithDebInfo|x64
		{18635FA7-8321-3BB6-A417-71C2B9261AE2}.RelWithDebInfo|x64.ActiveCfg = RelWithDebInfo|x64
		{18635FA7-8321-3BB6-A417-71C2B9261AE2}.RelWithDebInfo|x64.Build.0 = RelWithDebInfo|x64
		{18635FA7-8321-3BB6-A417-71C2B9261AE2}.RelWithDebInfo|x86.ActiveCfg = RelWithDebInfo|x64
		{18635FA7-8321-3BB6-A417-71C2B9261AE2}.Template|Any CPU.ActiveCfg = RelWithDebInfo|x64
		{18635FA7-8321-3BB6-A417-71C2B9261AE2}.Template|Any CPU.Build.0 = RelWithDebInfo|x64
		{18635FA7-8321-3BB6-A417-71C2B9261AE2}.Template|x64.ActiveCfg = MinSizeRel|x64
		{18635FA7-8321-3BB6-A417-71C2B9261AE2}.Template|x64.Build.0 = MinSizeRel|x64
		{18635FA7-8321-3BB6-A417-71C2B9261AE2}.Template|x86.ActiveCfg = MinSizeRel|x64
		{18635FA7-8321-3BB6-A417-71C2B9261AE2}.Template|x86.Build.0 = MinSizeRel|x64
		{CF7EAE32-8EBE-3E75-A830-A1E27D0B1C29}.Debug|Any CPU.ActiveCfg = Debug|x64
		{CF7EAE32-8EBE-3E75-A830-A1E27D0B1C29}.Debug|x64.ActiveCfg = Debug|x64
		{CF7EAE32-8EBE-3E75-A830-A1E27D0B1C29}.Debug|x64.Build.0 = Debug|x64
		{CF7EAE32-8EBE-3E75-A830-A1E27D0B1C29}.Debug|x86.ActiveCfg = Debug|x64
		{CF7EAE32-8EBE-3E75-A830-A1E27D0B1C29}.Debug9x|Any CPU.ActiveCfg = RelWithDebInfo|x64
		{CF7EAE32-8EBE-3E75-A830-A1E27D0B1C29}.Debug9x|Any CPU.Build.0 = RelWithDebInfo|x64
		{CF7EAE32-8EBE-3E75-A830-A1E27D0B1C29}.Debug9x|x64.ActiveCfg = Debug|x64
		{CF7EAE32-8EBE-3E75-A830-A1E27D0B1C29}.Debug9x|x64.Build.0 = Debug|x64
		{CF7EAE32-8EBE-3E75-A830-A1E27D0B1C29}.Debug9x|x86.ActiveCfg = MinSizeRel|x64
		{CF7EAE32-8EBE-3E75-A830-A1E27D0B1C29}.Debug9x|x86.Build.0 = MinSizeRel|x64
		{CF7EAE32-8EBE-3E75-A830-A1E27D0B1C29}.MinSizeRel|Any CPU.ActiveCfg = MinSizeRel|x64
		{CF7EAE32-8EBE-3E75-A830-A1E27D0B1C29}.MinSizeRel|x64.ActiveCfg = MinSizeRel|x64
		{CF7EAE32-8EBE-3E75-A830-A1E27D0B1C29}.MinSizeRel|x64.Build.0 = MinSizeRel|x64
		{CF7EAE32-8EBE-3E75-A830-A1E27D0B1C29}.MinSizeRel|x86.ActiveCfg = MinSizeRel|x64
		{CF7EAE32-8EBE-3E75-A830-A1E27D0B1C29}.Release|Any CPU.ActiveCfg = Release|x64
		{CF7EAE32-8EBE-3E75-A830-A1E27D0B1C29}.Release|x64.ActiveCfg = Release|x64
		{CF7EAE32-8EBE-3E75-A830-A1E27D0B1C29}.Release|x64.Build.0 = Release|x64
		{CF7EAE32-8EBE-3E75-A830-A1E27D0B1C29}.Release|x86.ActiveCfg = Release|x64
		{CF7EAE32-8EBE-3E75-A830-A1E27D0B1C29}.Release9x|Any CPU.ActiveCfg = RelWithDebInfo|x64
		{CF7EAE32-8EBE-3E75-A830-A1E27D0B1C29}.Release9x|Any CPU.Build.0 = RelWithDebInfo|x64
		{CF7EAE32-8EBE-3E75-A830-A1E27D0B1C29}.Release9x|x64.ActiveCfg = Release|x64
		{CF7EAE32-8EBE-3E75-A830-A1E27D0B1C29}.Release9x|x64.Build.0 = Release|x64
		{CF7EAE32-8EBE-3E75-A830-A1E27D0B1C29}.Release9x|x86.ActiveCfg = MinSizeRel|x64
		{CF7EAE32-8EBE-3E75-A830-A1E27D0B1C29}.Release9x|x86.Build.0 = MinSizeRel|x64
		{CF7EAE32-8EBE-3E75-A830-A1E27D0B1C29}.RelWithDebInfo|Any CPU.ActiveCfg = RelWithDebInfo|x64
		{CF7EAE32-8EBE-3E75-A830-A1E27D0B1C29}.RelWithDebInfo|x64.ActiveCfg = RelWithDebInfo|x64
		{CF7EAE32-8EBE-3E75-A830-A1E27D0B1C29}.RelWithDebInfo|x64.Build.0 = RelWithDebInfo|x64
		{CF7EAE32-8EBE-3E75-A830-A1E27D0B1C29}.RelWithDebInfo|x86.ActiveCfg = RelWithDebInfo|x64
		{CF7EAE32-8EBE-3E75-A830-A1E27D0B1C29}.Template|Any CPU.ActiveCfg = RelWithDebInfo|x64
		{CF7EAE32-8EBE-3E75-A830-A1E27D0B1C29}.Template|Any CPU.Build.0 = RelWithDebInfo|x64
		{CF7EAE32-8EBE-3E75-A830-A1E27D0B1C29}.Template|x64.ActiveCfg = MinSizeRel|x64
		{CF7EAE32-8EBE-3E75-A830-A1E27D0B1C29}.Template|x64.Build.0 = MinSizeRel|x64
		{CF7EAE32-8EBE-3E75-A830-A1E27D0B1C29}.Template|x86.ActiveCfg = MinSizeRel|x64
		{CF7EAE32-8EBE-3E75-A830-A1E27D0B1C29}.Template|x86.Build.0 = MinSizeRel|x64
		{FE7DB81A-7054-3A8B-9001-D5BD24FB46C2}.Debug|Any CPU.ActiveCfg = Debug|x64
		{FE7DB81A-7054-3A8B-9001-D5BD24FB46C2}.Debug|x64.ActiveCfg = Debug|x64
		{FE7DB81A-7054-3A8B-9001-D5BD24FB46C2}.Debug|x64.Build.0 = Debug|x64
		{FE7DB81A-7054-3A8B-9001-D5BD24FB46C2}.Debug|x86.ActiveCfg = Debug|x64
		{FE7DB81A-7054-3A8B-9001-D5BD24FB46C2}.Debug9x|Any CPU.ActiveCfg = RelWithDebInfo|x64
		{FE7DB81A-7054-3A8B-9001-D5BD24FB46C2}.Debug9x|Any CPU.Build.0 = RelWithDebInfo|x64
		{FE7DB81A-7054-3A8B-9001-D5BD24FB46C2}.Debug9x|x64.ActiveCfg = Debug|x64
		{FE7DB81A-7054-3A8B-9001-D5BD24FB46C2}.Debug9x|x64.Build.0 = Debug|x64
		{FE7DB81A-7054-3A8B-9001-D5BD24FB46C2}.Debug9x|x86.ActiveCfg = MinSizeRel|x64
		{FE7DB81A-7054-3A8B-9001-D5BD24FB46C2}.Debug9x|x86.Build.0 = MinSizeRel|x64
		{FE7DB81A-7054-3A8B-9001-D5BD24FB46C2}.MinSizeRel|Any CPU.ActiveCfg = MinSizeRel|x64
		{FE7DB81A-7054-3A8B-9001-D5BD24FB46C2}.MinSizeRel|x64.ActiveCfg = MinSizeRel|x64
		{FE7DB81A-7054-3A8B-9001-D5BD24FB46C2}.MinSizeRel|x64.Build.0 = MinSizeRel|x64
		{FE7DB81A-7054-3A8B-9001-D5BD24FB46C2}.MinSizeRel|x86.ActiveCfg = MinSizeRel|x64
		{FE7DB81A-7054-3A8B-9001-D5BD24FB46C2}.Release|Any CPU.ActiveCfg = Release|x64
		{FE7DB81A-7054-3A8B-9001-D5BD24FB46C2}.Release|x64.ActiveCfg = Release|x64
		{FE7DB81A-7054-3A8B-9001-D5BD24FB46C2}.Release|x64.Build.0 = Release|x64
		{FE7DB81A-7054-3A8B-9001-D5BD24FB46C2}.Release|x86.ActiveCfg = Release|x64
		{FE7DB81A-7054-3A8B-9001-D5BD24FB46C2}.Release9x|Any CPU.ActiveCfg = RelWithDebInfo|x64
		{FE7DB81A-7054-3A8B-9001-D5BD24FB46C2}.Release9x|Any CPU.Build.0 = RelWithDebInfo|x64
		{FE7DB81A-7054-3A8B-9001-D5BD24FB46C2}.Release9x|x64.ActiveCfg = Release|x64
		{FE7DB81A-7054-3A8B-9001-D5BD24FB46C2}.Release9x|x64.Build.0 = Release|x64
		{FE7DB81A-7054-3A8B-9001-D5BD24FB46C2}.Release9x|x86.ActiveCfg = MinSizeRel|x64
		{FE7DB81A-7054-3A8B-9001-D5BD24FB46C2}.Release9x|x86.Build.0 = MinSizeRel|x64
		{FE7DB81A-7054-3A8B-9001-D5BD24FB46C2}.RelWithDebInfo|Any CPU.ActiveCfg = RelWithDebInfo|x64
		{FE7DB81A-7054-3A8B-9001-D5BD24FB46C2}.RelWithDebInfo|x64.ActiveCfg = RelWithDebInfo|x64
		{FE7DB81A-7054-3A8B-9001-D5BD24FB46C2}.RelWithDebInfo|x64.Build.0 = RelWithDebInfo|x64
		{FE7DB81A-7054-3A8B-9001-D5BD24FB46C2}.RelWithDebInfo|x86.ActiveCfg = RelWithDebInfo|x64
		{FE7DB81A-7054-3A8B-9001-D5BD24FB46C2}.Template|Any CPU.ActiveCfg = RelWithDebInfo|x64
		{FE7DB81A-7054-3A8B-9001-D5BD24FB46C2}.Template|Any CPU.Build.0 = RelWithDebInfo|x64
		{FE7DB81A-7054-3A8B-9001-D5BD24FB46C2}.Template|x64.ActiveCfg = MinSizeRel|x64
		{FE7DB81A-7054-3A8B-9001-D5BD24FB46C2}.Template|x64.Build.0 = MinSizeRel|x64
		{FE7DB81A-7054-3A8B-9001-D5BD24FB46C2}.Template|x86.ActiveCfg = MinSizeRel|x64
		{FE7DB81A-7054-3A8B-9001-D5BD24FB46C2}.Template|x86.Build.0 = MinSizeRel|x64
		{60963F2A-EF03-30E1-BED3-6DAB415BF953}.Debug|Any CPU.ActiveCfg = Debug|x64
		{60963F2A-EF03-30E1-BED3-6DAB415BF953}.Debug|x64.ActiveCfg = Debug|x64
		{60963F2A-EF03-30E1-BED3-6DAB415BF953}.Debug|x64.Build.0 = Debug|x64
		{60963F2A-EF03-30E1-BED3-6DAB415BF953}.Debug|x86.ActiveCfg = Debug|x64
		{60963F2A-EF03-30E1-BED3-6DAB415BF953}.Debug9x|Any CPU.ActiveCfg = RelWithDebInfo|x64
		{60963F2A-EF03-30E1-BED3-6DAB415BF953}.Debug9x|Any CPU.Build.0 = RelWithDebInfo|x64
		{60963F2A-EF03-30E1-BED3-6DAB415BF953}.Debug9x|x64.ActiveCfg = Debug|x64
		{60963F2A-EF03-30E1-BED3-6DAB415BF953}.Debug9x|x64.Build.0 = Debug|x64
		{60963F2A-EF03-30E1-BED3-6DAB415BF953}.Debug9x|x86.ActiveCfg = MinSizeRel|x64
		{60963F2A-EF03-30E1-BED3-6DAB415BF953}.Debug9x|x86.Build.0 = MinSizeRel|x64
		{60963F2A-EF03-30E1-BED3-6DAB415BF953}.MinSizeRel|Any CPU.ActiveCfg = MinSizeRel|x64
		{60963F2A-EF03-30E1-BED3-6DAB415BF953}.MinSizeRel|x64.ActiveCfg = MinSizeRel|x64
		{60963F2A-EF03-30E1-BED3-6DAB415BF953}.MinSizeRel|x64.Build.0 = MinSizeRel|x64
		{60963F2A-EF03-30E1-BED3-6DAB415BF953}.MinSizeRel|x86.ActiveCfg = MinSizeRel|x64
		{60963F2A-EF03-30E1-BED3-6DAB415BF953}.Release|Any CPU.ActiveCfg = Release|x64
		{60963F2A-EF03-30E1-BED3-6DAB415BF953}.Release|x64.ActiveCfg = Release|x64
		{60963F2A-EF03-30E1-BED3-6DAB415BF953}.Release|x64.Build.0 = Release|x64
		{60963F2A-EF03-30E1-BED3-6DAB415BF953}.Release|x86.ActiveCfg = Release|x64
		{60963F2A-EF03-30E1-BED3-6DAB415BF953}.Release9x|Any CPU.ActiveCfg = RelWithDebInfo|x64
		{60963F2A-EF03-30E1-BED3-6DAB415BF953}.Release9x|Any CPU.Build.0 = RelWithDebInfo|x64
		{60963F2A-EF03-30E1-BED3-6DAB415BF953}.Release9x|x64.ActiveCfg = Release|x64
		{60963F2A-EF03-30E1-BED3-6DAB415BF953}.Release9x|x64.Build.0 = Release|x64
		{60963F2A-EF03-30E1-BED3-6DAB415BF953}.Release9x|x86.ActiveCfg = MinSizeRel|x64
		{60963F2A-EF03-30E1-BED3-6DAB415BF953}.Release9x|x86.Build.0 = MinSizeRel|x64
		{60963F2A-EF03-30E1-BED3-6DAB415BF953}.RelWithDebInfo|Any CPU.ActiveCfg = RelWithDebInfo|x64
		{60963F2A-EF03-30E1-BED3-6DAB415BF953}.RelWithDebInfo|x64.ActiveCfg = RelWithDebInfo|x64
		{60963F2A-EF03-30E1-BED3-6DAB415BF953}.RelWithDebInfo|x64.Build.0 = RelWithDebInfo|x64
		{60963F2A-EF03-30E1-BED3-6DAB415BF953}.RelWithDebInfo|x86.ActiveCfg = RelWithDebInfo|x64
		{60963F2A-EF03-30E1-BED3-6DAB415BF953}.Template|Any CPU.ActiveCfg = RelWithDebInfo|x64
		{60963F2A-EF03-30E1-BED3-6DAB415BF953}.Template|Any CPU.Build.0 = RelWithDebInfo|x64
		{60963F2A-EF03-30E1-BED3-6DAB415BF953}.Template|x64.ActiveCfg = MinSizeRel|x64
		{60963F2A-EF03-30E1-BED3-6DAB415BF953}.Template|x64.Build.0 = MinSizeRel|x64
		{60963F2A-EF03-30E1-BED3-6DAB415BF953}.Template|x86.ActiveCfg = MinSizeRel|x64
		{60963F2A-EF03-30E1-BED3-6DAB415BF953}.Template|x86.Build.0 = MinSizeRel|x64
		{68348866-476D-3354-858C-54D146D320E1}.Debug|Any CPU.ActiveCfg = Debug|x64
		{68348866-476D-3354-858C-54D146D320E1}.Debug|x64.ActiveCfg = Debug|x64
		{68348866-476D-3354-858C-54D146D320E1}.Debug|x64.Build.0 = Debug|x64
		{68348866-476D-3354-858C-54D146D320E1}.Debug|x86.ActiveCfg = Debug|x64
		{68348866-476D-3354-858C-54D146D320E1}.Debug9x|Any CPU.ActiveCfg = RelWithDebInfo|x64
		{68348866-476D-3354-858C-54D146D320E1}.Debug9x|Any CPU.Build.0 = RelWithDebInfo|x64
		{68348866-476D-3354-858C-54D146D320E1}.Debug9x|x64.ActiveCfg = Debug|x64
		{68348866-476D-3354-858C-54D146D320E1}.Debug9x|x64.Build.0 = Debug|x64
		{68348866-476D-3354-858C-54D146D320E1}.Debug9x|x86.ActiveCfg = MinSizeRel|x64
		{68348866-476D-3354-858C-54D146D320E1}.Debug9x|x86.Build.0 = MinSizeRel|x64
		{68348866-476D-3354-858C-54D146D320E1}.MinSizeRel|Any CPU.ActiveCfg = MinSizeRel|x64
		{68348866-476D-3354-858C-54D146D320E1}.MinSizeRel|x64.ActiveCfg = MinSizeRel|x64
		{68348866-476D-3354-858C-54D146D320E1}.MinSizeRel|x64.Build.0 = MinSizeRel|x64
		{68348866-476D-3354-858C-54D146D320E1}.MinSizeRel|x86.ActiveCfg = MinSizeRel|x64
		{68348866-476D-3354-858C-54D146D320E1}.Release|Any CPU.ActiveCfg = Release|x64
		{68348866-476D-3354-858C-54D146D320E1}.Release|x64.ActiveCfg = Release|x64
		{68348866-476D-3354-858C-54D146D320E1}.Release|x64.Build.0 = Release|x64
		{68348866-476D-3354-858C-54D146D320E1}.Release|x86.ActiveCfg = Release|x64
		{68348866-476D-3354-858C-54D146D320E1}.Release9x|Any CPU.ActiveCfg = RelWithDebInfo|x64
		{68348866-476D-3354-858C-54D146D320E1}.Release9x|Any CPU.Build.0 = RelWithDebInfo|x64
		{68348866-476D-3354-858C-54D146D320E1}.Release9x|x64.ActiveCfg = Release|x64
		{68348866-476D-3354-858C-54D146D320E1}.Release9x|x64.Build.0 = Release|x64
		{68348866-476D-3354-858C-54D146D320E1}.Release9x|x86.ActiveCfg = MinSizeRel|x64
		{68348866-476D-3354-858C-54D146D320E1}.Release9x|x86.Build.0 = MinSizeRel|x64
		{68348866-476D-3354-858C-54D146D320E1}.RelWithDebInfo|Any CPU.ActiveCfg = RelWithDebInfo|x64
		{68348866-476D-3354-858C-54D146D320E1}.RelWithDebInfo|x64.ActiveCfg = RelWithDebInfo|x64
		{68348866-476D-3354-858C-54D146D320E1}.RelWithDebInfo|x64.Build.0 = RelWithDebInfo|x64
		{68348866-476D-3354-858C-54D146D320E1}.RelWithDebInfo|x86.ActiveCfg = RelWithDebInfo|x64
		{68348866-476D-3354-858C-54D146D320E1}.Template|Any CPU.ActiveCfg = RelWithDebInfo|x64
		{68348866-476D-3354-858C-54D146D320E1}.Template|Any CPU.Build.0 = RelWithDebInfo|x64
		{68348866-476D-3354-858C-54D146D320E1}.Template|x64.ActiveCfg = MinSizeRel|x64
		{68348866-476D-3354-858C-54D146D320E1}.Template|x64.Build.0 = MinSizeRel|x64
		{68348866-476D-3354-858C-54D146D320E1}.Template|x86.ActiveCfg = MinSizeRel|x64
		{68348866-476D-3354-858C-54D146D320E1}.Template|x86.Build.0 = MinSizeRel|x64
		{1DAE055D-2BC1-4FA5-A540-7FD163171C53}.Debug|Any CPU.ActiveCfg = Debug|Win32
		{1DAE055D-2BC1-4FA5-A540-7FD163171C53}.Debug|x64.ActiveCfg = Debug|x64
		{1DAE055D-2BC1-4FA5-A540-7FD163171C53}.Debug|x64.Build.0 = Debug|x64
		{1DAE055D-2BC1-4FA5-A540-7FD163171C53}.Debug|x86.ActiveCfg = Debug|Win32
		{1DAE055D-2BC1-4FA5-A540-7FD163171C53}.Debug|x86.Build.0 = Debug|Win32
		{1DAE055D-2BC1-4FA5-A540-7FD163171C53}.Debug9x|Any CPU.ActiveCfg = Release|Win32
		{1DAE055D-2BC1-4FA5-A540-7FD163171C53}.Debug9x|Any CPU.Build.0 = Release|Win32
		{1DAE055D-2BC1-4FA5-A540-7FD163171C53}.Debug9x|x64.ActiveCfg = Debug|x64
		{1DAE055D-2BC1-4FA5-A540-7FD163171C53}.Debug9x|x64.Build.0 = Debug|x64
		{1DAE055D-2BC1-4FA5-A540-7FD163171C53}.Debug9x|x86.ActiveCfg = Debug|Win32
		{1DAE055D-2BC1-4FA5-A540-7FD163171C53}.Debug9x|x86.Build.0 = Debug|Win32
		{1DAE055D-2BC1-4FA5-A540-7FD163171C53}.MinSizeRel|Any CPU.ActiveCfg = Release|Win32
		{1DAE055D-2BC1-4FA5-A540-7FD163171C53}.MinSizeRel|Any CPU.Build.0 = Release|Win32
		{1DAE055D-2BC1-4FA5-A540-7FD163171C53}.MinSizeRel|x64.ActiveCfg = Release|x64
		{1DAE055D-2BC1-4FA5-A540-7FD163171C53}.MinSizeRel|x64.Build.0 = Release|x64
		{1DAE055D-2BC1-4FA5-A540-7FD163171C53}.MinSizeRel|x86.ActiveCfg = Release|Win32
		{1DAE055D-2BC1-4FA5-A540-7FD163171C53}.MinSizeRel|x86.Build.0 = Release|Win32
		{1DAE055D-2BC1-4FA5-A540-7FD163171C53}.Release|Any CPU.ActiveCfg = Release|Win32
		{1DAE055D-2BC1-4FA5-A540-7FD163171C53}.Release|x64.ActiveCfg = Release|x64
		{1DAE055D-2BC1-4FA5-A540-7FD163171C53}.Release|x64.Build.0 = Release|x64
		{1DAE055D-2BC1-4FA5-A540-7FD163171C53}.Release|x86.ActiveCfg = Release|Win32
		{1DAE055D-2BC1-4FA5-A540-7FD163171C53}.Release|x86.Build.0 = Release|Win32
		{1DAE055D-2BC1-4FA5-A540-7FD163171C53}.Release9x|Any CPU.ActiveCfg = Release|Win32
		{1DAE055D-2BC1-4FA5-A540-7FD163171C53}.Release9x|Any CPU.Build.0 = Release|Win32
		{1DAE055D-2BC1-4FA5-A540-7FD163171C53}.Release9x|x64.ActiveCfg = Release|x64
		{1DAE055D-2BC1-4FA5-A540-7FD163171C53}.Release9x|x64.Build.0 = Release|x64
		{1DAE055D-2BC1-4FA5-A540-7FD163171C53}.Release9x|x86.ActiveCfg = Release|Win32
		{1DAE055D-2BC1-4FA5-A540-7FD163171C53}.Release9x|x86.Build.0 = Release|Win32
		{1DAE055D-2BC1-4FA5-A540-7FD163171C53}.RelWithDebInfo|Any CPU.ActiveCfg = Release|Win32
		{1DAE055D-2BC1-4FA5-A540-7FD163171C53}.RelWithDebInfo|Any CPU.Build.0 = Release|Win32
		{1DAE055D-2BC1-4FA5-A540-7FD163171C53}.RelWithDebInfo|x64.ActiveCfg = Release|x64
		{1DAE055D-2BC1-4FA5-A540-7FD163171C53}.RelWithDebInfo|x64.Build.0 = Release|x64
		{1DAE055D-2BC1-4FA5-A540-7FD163171C53}.RelWithDebInfo|x86.ActiveCfg = Release|Win32
		{1DAE055D-2BC1-4FA5-A540-7FD163171C53}.RelWithDebInfo|x86.Build.0 = Release|Win32
		{1DAE055D-2BC1-4FA5-A540-7FD163171C53}.Template|Any CPU.ActiveCfg = Release|Win32
		{1DAE055D-2BC1-4FA5-A540-7FD163171C53}.Template|Any CPU.Build.0 = Release|Win32
		{1DAE055D-2BC1-4FA5-A540-7FD163171C53}.Template|x64.ActiveCfg = Release|x64
		{1DAE055D-2BC1-4FA5-A540-7FD163171C53}.Template|x64.Build.0 = Release|x64
		{1DAE055D-2BC1-4FA5-A540-7FD163171C53}.Template|x86.ActiveCfg = Release|Win32
		{1DAE055D-2BC1-4FA5-A540-7FD163171C53}.Template|x86.Build.0 = Release|Win32
		{C0D9C454-2BFF-3048-8592-96C05B86EB4C}.Debug|Any CPU.ActiveCfg = Debug|x64
		{C0D9C454-2BFF-3048-8592-96C05B86EB4C}.Debug|x64.ActiveCfg = Debug|x64
		{C0D9C454-2BFF-3048-8592-96C05B86EB4C}.Debug|x64.Build.0 = Debug|x64
		{C0D9C454-2BFF-3048-8592-96C05B86EB4C}.Debug|x86.ActiveCfg = Debug|x64
		{C0D9C454-2BFF-3048-8592-96C05B86EB4C}.Debug9x|Any CPU.ActiveCfg = RelWithDebInfo|x64
		{C0D9C454-2BFF-3048-8592-96C05B86EB4C}.Debug9x|Any CPU.Build.0 = RelWithDebInfo|x64
		{C0D9C454-2BFF-3048-8592-96C05B86EB4C}.Debug9x|x64.ActiveCfg = Debug|x64
		{C0D9C454-2BFF-3048-8592-96C05B86EB4C}.Debug9x|x64.Build.0 = Debug|x64
		{C0D9C454-2BFF-3048-8592-96C05B86EB4C}.Debug9x|x86.ActiveCfg = MinSizeRel|x64
		{C0D9C454-2BFF-3048-8592-96C05B86EB4C}.Debug9x|x86.Build.0 = MinSizeRel|x64
		{C0D9C454-2BFF-3048-8592-96C05B86EB4C}.MinSizeRel|Any CPU.ActiveCfg = MinSizeRel|x64
		{C0D9C454-2BFF-3048-8592-96C05B86EB4C}.MinSizeRel|x64.ActiveCfg = MinSizeRel|x64
		{C0D9C454-2BFF-3048-8592-96C05B86EB4C}.MinSizeRel|x64.Build.0 = MinSizeRel|x64
		{C0D9C454-2BFF-3048-8592-96C05B86EB4C}.MinSizeRel|x86.ActiveCfg = MinSizeRel|x64
		{C0D9C454-2BFF-3048-8592-96C05B86EB4C}.Release|Any CPU.ActiveCfg = Release|x64
		{C0D9C454-2BFF-3048-8592-96C05B86EB4C}.Release|x64.ActiveCfg = Release|x64
		{C0D9C454-2BFF-3048-8592-96C05B86EB4C}.Release|x64.Build.0 = Release|x64
		{C0D9C454-2BFF-3048-8592-96C05B86EB4C}.Release|x86.ActiveCfg = Release|x64
		{C0D9C454-2BFF-3048-8592-96C05B86EB4C}.Release9x|Any CPU.ActiveCfg = RelWithDebInfo|x64
		{C0D9C454-2BFF-3048-8592-96C05B86EB4C}.Release9x|Any CPU.Build.0 = RelWithDebInfo|x64
		{C0D9C454-2BFF-3048-8592-96C05B86EB4C}.Release9x|x64.ActiveCfg = Release|x64
		{C0D9C454-2BFF-3048-8592-96C05B86EB4C}.Release9x|x64.Build.0 = Release|x64
		{C0D9C454-2BFF-3048-8592-96C05B86EB4C}.Release9x|x86.ActiveCfg = MinSizeRel|x64
		{C0D9C454-2BFF-3048-8592-96C05B86EB4C}.Release9x|x86.Build.0 = MinSizeRel|x64
		{C0D9C454-2BFF-3048-8592-96C05B86EB4C}.RelWithDebInfo|Any CPU.ActiveCfg = RelWithDebInfo|x64
		{C0D9C454-2BFF-3048-8592-96C05B86EB4C}.RelWithDebInfo|x64.ActiveCfg = RelWithDebInfo|x64
		{C0D9C454-2BFF-3048-8592-96C05B86EB4C}.RelWithDebInfo|x64.Build.0 = RelWithDebInfo|x64
		{C0D9C454-2BFF-3048-8592-96C05B86EB4C}.RelWithDebInfo|x86.ActiveCfg = RelWithDebInfo|x64
		{C0D9C454-2BFF-3048-8592-96C05B86EB4C}.Template|Any CPU.ActiveCfg = RelWithDebInfo|x64
		{C0D9C454-2BFF-3048-8592-96C05B86EB4C}.Template|Any CPU.Build.0 = RelWithDebInfo|x64
		{C0D9C454-2BFF-3048-8592-96C05B86EB4C}.Template|x64.ActiveCfg = MinSizeRel|x64
		{C0D9C454-2BFF-3048-8592-96C05B86EB4C}.Template|x64.Build.0 = MinSizeRel|x64
		{C0D9C454-2BFF-3048-8592-96C05B86EB4C}.Template|x86.ActiveCfg = MinSizeRel|x64
		{C0D9C454-2BFF-3048-8592-96C05B86EB4C}.Template|x86.Build.0 = MinSizeRel|x64
		{737AB8D8-510F-4ED5-BE25-E7DEC2B74477}.Debug|Any CPU.ActiveCfg = Debug|Win32
		{737AB8D8-510F-4ED5-BE25-E7DEC2B74477}.Debug|x64.ActiveCfg = Debug|x64
		{737AB8D8-510F-4ED5-BE25-E7DEC2B74477}.Debug|x64.Build.0 = Debug|x64
		{737AB8D8-510F-4ED5-BE25-E7DEC2B74477}.Debug|x86.ActiveCfg = Debug|Win32
		{737AB8D8-510F-4ED5-BE25-E7DEC2B74477}.Debug|x86.Build.0 = Debug|Win32
		{737AB8D8-510F-4ED5-BE25-E7DEC2B74477}.Debug9x|Any CPU.ActiveCfg = Release|Win32
		{737AB8D8-510F-4ED5-BE25-E7DEC2B74477}.Debug9x|Any CPU.Build.0 = Release|Win32
		{737AB8D8-510F-4ED5-BE25-E7DEC2B74477}.Debug9x|x64.ActiveCfg = Debug|x64
		{737AB8D8-510F-4ED5-BE25-E7DEC2B74477}.Debug9x|x64.Build.0 = Debug|x64
		{737AB8D8-510F-4ED5-BE25-E7DEC2B74477}.Debug9x|x86.ActiveCfg = Debug|Win32
		{737AB8D8-510F-4ED5-BE25-E7DEC2B74477}.Debug9x|x86.Build.0 = Debug|Win32
		{737AB8D8-510F-4ED5-BE25-E7DEC2B74477}.MinSizeRel|Any CPU.ActiveCfg = Release|Win32
		{737AB8D8-510F-4ED5-BE25-E7DEC2B74477}.MinSizeRel|Any CPU.Build.0 = Release|Win32
		{737AB8D8-510F-4ED5-BE25-E7DEC2B74477}.MinSizeRel|x64.ActiveCfg = Release|x64
		{737AB8D8-510F-4ED5-BE25-E7DEC2B74477}.MinSizeRel|x64.Build.0 = Release|x64
		{737AB8D8-510F-4ED5-BE25-E7DEC2B74477}.MinSizeRel|x86.ActiveCfg = Release|Win32
		{737AB8D8-510F-4ED5-BE25-E7DEC2B74477}.MinSizeRel|x86.Build.0 = Release|Win32
		{737AB8D8-510F-4ED5-BE25-E7DEC2B74477}.Release|Any CPU.ActiveCfg = Release|Win32
		{737AB8D8-510F-4ED5-BE25-E7DEC2B74477}.Release|x64.ActiveCfg = Release|x64
		{737AB8D8-510F-4ED5-BE25-E7DEC2B74477}.Release|x64.Build.0 = Release|x64
		{737AB8D8-510F-4ED5-BE25-E7DEC2B74477}.Release|x86.ActiveCfg = Release|Win32
		{737AB8D8-510F-4ED5-BE25-E7DEC2B74477}.Release|x86.Build.0 = Release|Win32
		{737AB8D8-510F-4ED5-BE25-E7DEC2B74477}.Release9x|Any CPU.ActiveCfg = Release|Win32
		{737AB8D8-510F-4ED5-BE25-E7DEC2B74477}.Release9x|Any CPU.Build.0 = Release|Win32
		{737AB8D8-510F-4ED5-BE25-E7DEC2B74477}.Release9x|x64.ActiveCfg = Release|x64
		{737AB8D8-510F-4ED5-BE25-E7DEC2B74477}.Release9x|x64.Build.0 = Release|x64
		{737AB8D8-510F-4ED5-BE25-E7DEC2B74477}.Release9x|x86.ActiveCfg = Release|Win32
		{737AB8D8-510F-4ED5-BE25-E7DEC2B74477}.Release9x|x86.Build.0 = Release|Win32
		{737AB8D8-510F-4ED5-BE25-E7DEC2B74477}.RelWithDebInfo|Any CPU.ActiveCfg = Release|Win32
		{737AB8D8-510F-4ED5-BE25-E7DEC2B74477}.RelWithDebInfo|Any CPU.Build.0 = Release|Win32
		{737AB8D8-510F-4ED5-BE25-E7DEC2B74477}.RelWithDebInfo|x64.ActiveCfg = Release|x64
		{737AB8D8-510F-4ED5-BE25-E7DEC2B74477}.RelWithDebInfo|x64.Build.0 = Release|x64
		{737AB8D8-510F-4ED5-BE25-E7DEC2B74477}.RelWithDebInfo|x86.ActiveCfg = Release|Win32
		{737AB8D8-510F-4ED5-BE25-E7DEC2B74477}.RelWithDebInfo|x86.Build.0 = Release|Win32
		{737AB8D8-510F-4ED5-BE25-E7DEC2B74477}.Template|Any CPU.ActiveCfg = Release|Win32
		{737AB8D8-510F-4ED5-BE25-E7DEC2B74477}.Template|Any CPU.Build.0 = Release|Win32
		{737AB8D8-510F-4ED5-BE25-E7DEC2B74477}.Template|x64.ActiveCfg = Release|x64
		{737AB8D8-510F-4ED5-BE25-E7DEC2B74477}.Template|x64.Build.0 = Release|x64
		{737AB8D8-510F-4ED5-BE25-E7DEC2B74477}.Template|x86.ActiveCfg = Release|Win32
		{737AB8D8-510F-4ED5-BE25-E7DEC2B74477}.Template|x86.Build.0 = Release|Win32
		{008A424E-94FA-D0CE-8F78-8E655BAA0759}.Debug|Any CPU.ActiveCfg = Debug|Win32
		{008A424E-94FA-D0CE-8F78-8E655BAA0759}.Debug|x64.ActiveCfg = Debug|x64
		{008A424E-94FA-D0CE-8F78-8E655BAA0759}.Debug|x64.Build.0 = Debug|x64
		{008A424E-94FA-D0CE-8F78-8E655BAA0759}.Debug|x86.ActiveCfg = Debug|Win32
		{008A424E-94FA-D0CE-8F78-8E655BAA0759}.Debug|x86.Build.0 = Debug|Win32
		{008A424E-94FA-D0CE-8F78-8E655BAA0759}.Debug9x|Any CPU.ActiveCfg = Debug9x|Win32
		{008A424E-94FA-D0CE-8F78-8E655BAA0759}.Debug9x|x64.ActiveCfg = Debug9x|x64
		{008A424E-94FA-D0CE-8F78-8E655BAA0759}.Debug9x|x64.Build.0 = Debug9x|x64
		{008A424E-94FA-D0CE-8F78-8E655BAA0759}.Debug9x|x86.ActiveCfg = Debug9x|Win32
		{008A424E-94FA-D0CE-8F78-8E655BAA0759}.Debug9x|x86.Build.0 = Debug9x|Win32
		{008A424E-94FA-D0CE-8F78-8E655BAA0759}.MinSizeRel|Any CPU.ActiveCfg = Release|Win32
		{008A424E-94FA-D0CE-8F78-8E655BAA0759}.MinSizeRel|Any CPU.Build.0 = Release|Win32
		{008A424E-94FA-D0CE-8F78-8E655BAA0759}.MinSizeRel|x64.ActiveCfg = Release9x|x64
		{008A424E-94FA-D0CE-8F78-8E655BAA0759}.MinSizeRel|x64.Build.0 = Release9x|x64
		{008A424E-94FA-D0CE-8F78-8E655BAA0759}.MinSizeRel|x86.ActiveCfg = Release9x|Win32
		{008A424E-94FA-D0CE-8F78-8E655BAA0759}.MinSizeRel|x86.Build.0 = Release9x|Win32
		{008A424E-94FA-D0CE-8F78-8E655BAA0759}.Release|Any CPU.ActiveCfg = Release|Win32
		{008A424E-94FA-D0CE-8F78-8E655BAA0759}.Release|x64.ActiveCfg = Release|x64
		{008A424E-94FA-D0CE-8F78-8E655BAA0759}.Release|x64.Build.0 = Release|x64
		{008A424E-94FA-D0CE-8F78-8E655BAA0759}.Release|x86.ActiveCfg = Release|Win32
		{008A424E-94FA-D0CE-8F78-8E655BAA0759}.Release|x86.Build.0 = Release|Win32
		{008A424E-94FA-D0CE-8F78-8E655BAA0759}.Release9x|Any CPU.ActiveCfg = Release9x|Win32
		{008A424E-94FA-D0CE-8F78-8E655BAA0759}.Release9x|x64.ActiveCfg = Release9x|x64
		{008A424E-94FA-D0CE-8F78-8E655BAA0759}.Release9x|x64.Build.0 = Release9x|x64
		{008A424E-94FA-D0CE-8F78-8E655BAA0759}.Release9x|x86.ActiveCfg = Release9x|Win32
		{008A424E-94FA-D0CE-8F78-8E655BAA0759}.Release9x|x86.Build.0 = Release9x|Win32
		{008A424E-94FA-D0CE-8F78-8E655BAA0759}.RelWithDebInfo|Any CPU.ActiveCfg = Release|Win32
		{008A424E-94FA-D0CE-8F78-8E655BAA0759}.RelWithDebInfo|Any CPU.Build.0 = Release|Win32
		{008A424E-94FA-D0CE-8F78-8E655BAA0759}.RelWithDebInfo|x64.ActiveCfg = Release9x|x64
		{008A424E-94FA-D0CE-8F78-8E655BAA0759}.RelWithDebInfo|x64.Build.0 = Release9x|x64
		{008A424E-94FA-D0CE-8F78-8E655BAA0759}.RelWithDebInfo|x86.ActiveCfg = Release9x|Win32
		{008A424E-94FA-D0CE-8F78-8E655BAA0759}.RelWithDebInfo|x86.Build.0 = Release9x|Win32
		{008A424E-94FA-D0CE-8F78-8E655BAA0759}.Template|Any CPU.ActiveCfg = Release|Win32
		{008A424E-94FA-D0CE-8F78-8E655BAA0759}.Template|Any CPU.Build.0 = Release|Win32
		{008A424E-94FA-D0CE-8F78-8E655BAA0759}.Template|x64.ActiveCfg = Release9x|x64
		{008A424E-94FA-D0CE-8F78-8E655BAA0759}.Template|x64.Build.0 = Release9x|x64
		{008A424E-94FA-D0CE-8F78-8E655BAA0759}.Template|x86.ActiveCfg = Release9x|Win32
		{008A424E-94FA-D0CE-8F78-8E655BAA0759}.Template|x86.Build.0 = Release9x|Win32
		{58A821BC-E4AF-4DF4-9A54-2BAA22B92615}.Debug|Any CPU.ActiveCfg = Debug|Win32
		{58A821BC-E4AF-4DF4-9A54-2BAA22B92615}.Debug|x64.ActiveCfg = Debug|x64
		{58A821BC-E4AF-4DF4-9A54-2BAA22B92615}.Debug|x64.Build.0 = Debug|x64
		{58A821BC-E4AF-4DF4-9A54-2BAA22B92615}.Debug|x86.ActiveCfg = Debug|Win32
		{58A821BC-E4AF-4DF4-9A54-2BAA22B92615}.Debug|x86.Build.0 = Debug|Win32
		{58A821BC-E4AF-4DF4-9A54-2BAA22B92615}.Debug9x|Any CPU.ActiveCfg = Release|Win32
		{58A821BC-E4AF-4DF4-9A54-2BAA22B92615}.Debug9x|Any CPU.Build.0 = Release|Win32
		{58A821BC-E4AF-4DF4-9A54-2BAA22B92615}.Debug9x|x64.ActiveCfg = Debug|x64
		{58A821BC-E4AF-4DF4-9A54-2BAA22B92615}.Debug9x|x64.Build.0 = Debug|x64
		{58A821BC-E4AF-4DF4-9A54-2BAA22B92615}.Debug9x|x86.ActiveCfg = Debug|Win32
		{58A821BC-E4AF-4DF4-9A54-2BAA22B92615}.Debug9x|x86.Build.0 = Debug|Win32
		{58A821BC-E4AF-4DF4-9A54-2BAA22B92615}.MinSizeRel|Any CPU.ActiveCfg = Release|Win32
		{58A821BC-E4AF-4DF4-9A54-2BAA22B92615}.MinSizeRel|Any CPU.Build.0 = Release|Win32
		{58A821BC-E4AF-4DF4-9A54-2BAA22B92615}.MinSizeRel|x64.ActiveCfg = Template|x64
		{58A821BC-E4AF-4DF4-9A54-2BAA22B92615}.MinSizeRel|x64.Build.0 = Template|x64
		{58A821BC-E4AF-4DF4-9A54-2BAA22B92615}.MinSizeRel|x86.ActiveCfg = Template|Win32
		{58A821BC-E4AF-4DF4-9A54-2BAA22B92615}.MinSizeRel|x86.Build.0 = Template|Win32
		{58A821BC-E4AF-4DF4-9A54-2BAA22B92615}.Release|Any CPU.ActiveCfg = Release|Win32
		{58A821BC-E4AF-4DF4-9A54-2BAA22B92615}.Release|x64.ActiveCfg = Release|x64
		{58A821BC-E4AF-4DF4-9A54-2BAA22B92615}.Release|x64.Build.0 = Release|x64
		{58A821BC-E4AF-4DF4-9A54-2BAA22B92615}.Release|x86.ActiveCfg = Release|Win32
		{58A821BC-E4AF-4DF4-9A54-2BAA22B92615}.Release|x86.Build.0 = Release|Win32
		{58A821BC-E4AF-4DF4-9A54-2BAA22B92615}.Release9x|Any CPU.ActiveCfg = Release|Win32
		{58A821BC-E4AF-4DF4-9A54-2BAA22B92615}.Release9x|Any CPU.Build.0 = Release|Win32
		{58A821BC-E4AF-4DF4-9A54-2BAA22B92615}.Release9x|x64.ActiveCfg = Release|x64
		{58A821BC-E4AF-4DF4-9A54-2BAA22B92615}.Release9x|x64.Build.0 = Release|x64
		{58A821BC-E4AF-4DF4-9A54-2BAA22B92615}.Release9x|x86.ActiveCfg = Release|Win32
		{58A821BC-E4AF-4DF4-9A54-2BAA22B92615}.Release9x|x86.Build.0 = Release|Win32
		{58A821BC-E4AF-4DF4-9A54-2BAA22B92615}.RelWithDebInfo|Any CPU.ActiveCfg = Release|Win32
		{58A821BC-E4AF-4DF4-9A54-2BAA22B92615}.RelWithDebInfo|Any CPU.Build.0 = Release|Win32
		{58A821BC-E4AF-4DF4-9A54-2BAA22B92615}.RelWithDebInfo|x64.ActiveCfg = Release|x64
		{58A821BC-E4AF-4DF4-9A54-2BAA22B92615}.RelWithDebInfo|x64.Build.0 = Release|x64
		{58A821BC-E4AF-4DF4-9A54-2BAA22B92615}.RelWithDebInfo|x86.ActiveCfg = Release|Win32
		{58A821BC-E4AF-4DF4-9A54-2BAA22B92615}.RelWithDebInfo|x86.Build.0 = Release|Win32
		{58A821BC-E4AF-4DF4-9A54-2BAA22B92615}.Template|Any CPU.ActiveCfg = Template|Win32
		{58A821BC-E4AF-4DF4-9A54-2BAA22B92615}.Template|x64.ActiveCfg = Template|x64
		{58A821BC-E4AF-4DF4-9A54-2BAA22B92615}.Template|x64.Build.0 = Template|x64
		{58A821BC-E4AF-4DF4-9A54-2BAA22B92615}.Template|x86.ActiveCfg = Template|Win32
		{58A821BC-E4AF-4DF4-9A54-2BAA22B92615}.Template|x86.Build.0 = Template|Win32
		{2C3013F3-3D76-4949-84F5-2F82EF7E3533}.Debug|Any CPU.ActiveCfg = Debug|Win32
		{2C3013F3-3D76-4949-84F5-2F82EF7E3533}.Debug|x64.ActiveCfg = Debug|x64
		{2C3013F3-3D76-4949-84F5-2F82EF7E3533}.Debug|x64.Build.0 = Debug|x64
		{2C3013F3-3D76-4949-84F5-2F82EF7E3533}.Debug|x86.ActiveCfg = Debug|Win32
		{2C3013F3-3D76-4949-84F5-2F82EF7E3533}.Debug|x86.Build.0 = Debug|Win32
		{2C3013F3-3D76-4949-84F5-2F82EF7E3533}.Debug9x|Any CPU.ActiveCfg = Release|Win32
		{2C3013F3-3D76-4949-84F5-2F82EF7E3533}.Debug9x|Any CPU.Build.0 = Release|Win32
		{2C3013F3-3D76-4949-84F5-2F82EF7E3533}.Debug9x|x64.ActiveCfg = Debug|x64
		{2C3013F3-3D76-4949-84F5-2F82EF7E3533}.Debug9x|x64.Build.0 = Debug|x64
		{2C3013F3-3D76-4949-84F5-2F82EF7E3533}.Debug9x|x86.ActiveCfg = Debug|Win32
		{2C3013F3-3D76-4949-84F5-2F82EF7E3533}.Debug9x|x86.Build.0 = Debug|Win32
		{2C3013F3-3D76-4949-84F5-2F82EF7E3533}.MinSizeRel|Any CPU.ActiveCfg = Release|Win32
		{2C3013F3-3D76-4949-84F5-2F82EF7E3533}.MinSizeRel|Any CPU.Build.0 = Release|Win32
		{2C3013F3-3D76-4949-84F5-2F82EF7E3533}.MinSizeRel|x64.ActiveCfg = Release|x64
		{2C3013F3-3D76-4949-84F5-2F82EF7E3533}.MinSizeRel|x64.Build.0 = Release|x64
		{2C3013F3-3D76-4949-84F5-2F82EF7E3533}.MinSizeRel|x86.ActiveCfg = Release|Win32
		{2C3013F3-3D76-4949-84F5-2F82EF7E3533}.MinSizeRel|x86.Build.0 = Release|Win32
		{2C3013F3-3D76-4949-84F5-2F82EF7E3533}.Release|Any CPU.ActiveCfg = Release|Win32
		{2C3013F3-3D76-4949-84F5-2F82EF7E3533}.Release|x64.ActiveCfg = Release|x64
		{2C3013F3-3D76-4949-84F5-2F82EF7E3533}.Release|x64.Build.0 = Release|x64
		{2C3013F3-3D76-4949-84F5-2F82EF7E3533}.Release|x86.ActiveCfg = Release|Win32
		{2C3013F3-3D76-4949-84F5-2F82EF7E3533}.Release|x86.Build.0 = Release|Win32
		{2C3013F3-3D76-4949-84F5-2F82EF7E3533}.Release9x|Any CPU.ActiveCfg = Release|Win32
		{2C3013F3-3D76-4949-84F5-2F82EF7E3533}.Release9x|Any CPU.Build.0 = Release|Win32
		{2C3013F3-3D76-4949-84F5-2F82EF7E3533}.Release9x|x64.ActiveCfg = Release|x64
		{2C3013F3-3D76-4949-84F5-2F82EF7E3533}.Release9x|x64.Build.0 = Release|x64
		{2C3013F3-3D76-4949-84F5-2F82EF7E3533}.Release9x|x86.ActiveCfg = Release|Win32
		{2C3013F3-3D76-4949-84F5-2F82EF7E3533}.Release9x|x86.Build.0 = Release|Win32
		{2C3013F3-3D76-4949-84F5-2F82EF7E3533}.RelWithDebInfo|Any CPU.ActiveCfg = Release|Win32
		{2C3013F3-3D76-4949-84F5-2F82EF7E3533}.RelWithDebInfo|Any CPU.Build.0 = Release|Win32
		{2C3013F3-3D76-4949-84F5-2F82EF7E3533}.RelWithDebInfo|x64.ActiveCfg = Release|x64
		{2C3013F3-3D76-4949-84F5-2F82EF7E3533}.RelWithDebInfo|x64.Build.0 = Release|x64
		{2C3013F3-3D76-4949-84F5-2F82EF7E3533}.RelWithDebInfo|x86.ActiveCfg = Release|Win32
		{2C3013F3-3D76-4949-84F5-2F82EF7E3533}.RelWithDebInfo|x86.Build.0 = Release|Win32
		{2C3013F3-3D76-4949-84F5-2F82EF7E3533}.Template|Any CPU.ActiveCfg = Release|Win32
		{2C3013F3-3D76-4949-84F5-2F82EF7E3533}.Template|Any CPU.Build.0 = Release|Win32
		{2C3013F3-3D76-4949-84F5-2F82EF7E3533}.Template|x64.ActiveCfg = Release|x64
		{2C3013F3-3D76-4949-84F5-2F82EF7E3533}.Template|x64.Build.0 = Release|x64
		{2C3013F3-3D76-4949-84F5-2F82EF7E3533}.Template|x86.ActiveCfg = Release|Win32
		{2C3013F3-3D76-4949-84F5-2F82EF7E3533}.Template|x86.Build.0 = Release|Win32
		{24010D81-F0CD-3899-A86B-85A772D40098}.Debug|Any CPU.ActiveCfg = Debug|x64
		{24010D81-F0CD-3899-A86B-85A772D40098}.Debug|x64.ActiveCfg = Debug|x64
		{24010D81-F0CD-3899-A86B-85A772D40098}.Debug|x64.Build.0 = Debug|x64
		{24010D81-F0CD-3899-A86B-85A772D40098}.Debug|x86.ActiveCfg = Debug|x64
		{24010D81-F0CD-3899-A86B-85A772D40098}.Debug9x|Any CPU.ActiveCfg = RelWithDebInfo|x64
		{24010D81-F0CD-3899-A86B-85A772D40098}.Debug9x|Any CPU.Build.0 = RelWithDebInfo|x64
		{24010D81-F0CD-3899-A86B-85A772D40098}.Debug9x|x64.ActiveCfg = Debug|x64
		{24010D81-F0CD-3899-A86B-85A772D40098}.Debug9x|x64.Build.0 = Debug|x64
		{24010D81-F0CD-3899-A86B-85A772D40098}.Debug9x|x86.ActiveCfg = MinSizeRel|x64
		{24010D81-F0CD-3899-A86B-85A772D40098}.Debug9x|x86.Build.0 = MinSizeRel|x64
		{24010D81-F0CD-3899-A86B-85A772D40098}.MinSizeRel|Any CPU.ActiveCfg = MinSizeRel|x64
		{24010D81-F0CD-3899-A86B-85A772D40098}.MinSizeRel|x64.ActiveCfg = MinSizeRel|x64
		{24010D81-F0CD-3899-A86B-85A772D40098}.MinSizeRel|x64.Build.0 = MinSizeRel|x64
		{24010D81-F0CD-3899-A86B-85A772D40098}.MinSizeRel|x86.ActiveCfg = MinSizeRel|x64
		{24010D81-F0CD-3899-A86B-85A772D40098}.Release|Any CPU.ActiveCfg = Release|x64
		{24010D81-F0CD-3899-A86B-85A772D40098}.Release|x64.ActiveCfg = Release|x64
		{24010D81-F0CD-3899-A86B-85A772D40098}.Release|x64.Build.0 = Release|x64
		{24010D81-F0CD-3899-A86B-85A772D40098}.Release|x86.ActiveCfg = Release|x64
		{24010D81-F0CD-3899-A86B-85A772D40098}.Release9x|Any CPU.ActiveCfg = RelWithDebInfo|x64
		{24010D81-F0CD-3899-A86B-85A772D40098}.Release9x|Any CPU.Build.0 = RelWithDebInfo|x64
		{24010D81-F0CD-3899-A86B-85A772D40098}.Release9x|x64.ActiveCfg = Release|x64
		{24010D81-F0CD-3899-A86B-85A772D40098}.Release9x|x64.Build.0 = Release|x64
		{24010D81-F0CD-3899-A86B-85A772D40098}.Release9x|x86.ActiveCfg = MinSizeRel|x64
		{24010D81-F0CD-3899-A86B-85A772D40098}.Release9x|x86.Build.0 = MinSizeRel|x64
		{24010D81-F0CD-3899-A86B-85A772D40098}.RelWithDebInfo|Any CPU.ActiveCfg = RelWithDebInfo|x64
		{24010D81-F0CD-3899-A86B-85A772D40098}.RelWithDebInfo|x64.ActiveCfg = RelWithDebInfo|x64
		{24010D81-F0CD-3899-A86B-85A772D40098}.RelWithDebInfo|x64.Build.0 = RelWithDebInfo|x64
		{24010D81-F0CD-3899-A86B-85A772D40098}.RelWithDebInfo|x86.ActiveCfg = RelWithDebInfo|x64
		{24010D81-F0CD-3899-A86B-85A772D40098}.Template|Any CPU.ActiveCfg = RelWithDebInfo|x64
		{24010D81-F0CD-3899-A86B-85A772D40098}.Template|Any CPU.Build.0 = RelWithDebInfo|x64
		{24010D81-F0CD-3899-A86B-85A772D40098}.Template|x64.ActiveCfg = MinSizeRel|x64
		{24010D81-F0CD-3899-A86B-85A772D40098}.Template|x64.Build.0 = MinSizeRel|x64
		{24010D81-F0CD-3899-A86B-85A772D40098}.Template|x86.ActiveCfg = MinSizeRel|x64
		{24010D81-F0CD-3899-A86B-85A772D40098}.Template|x86.Build.0 = MinSizeRel|x64
		{2595D2BF-ECF4-4480-AE3A-E25BCAC6800E}.Debug|Any CPU.ActiveCfg = Debug|Win32
		{2595D2BF-ECF4-4480-AE3A-E25BCAC6800E}.Debug|x64.ActiveCfg = Debug|x64
		{2595D2BF-ECF4-4480-AE3A-E25BCAC6800E}.Debug|x64.Build.0 = Debug|x64
		{2595D2BF-ECF4-4480-AE3A-E25BCAC6800E}.Debug|x86.ActiveCfg = Debug|Win32
		{2595D2BF-ECF4-4480-AE3A-E25BCAC6800E}.Debug|x86.Build.0 = Debug|Win32
		{2595D2BF-ECF4-4480-AE3A-E25BCAC6800E}.Debug9x|Any CPU.ActiveCfg = Release|x64
		{2595D2BF-ECF4-4480-AE3A-E25BCAC6800E}.Debug9x|Any CPU.Build.0 = Release|x64
		{2595D2BF-ECF4-4480-AE3A-E25BCAC6800E}.Debug9x|x64.ActiveCfg = Debug|x64
		{2595D2BF-ECF4-4480-AE3A-E25BCAC6800E}.Debug9x|x64.Build.0 = Debug|x64
		{2595D2BF-ECF4-4480-AE3A-E25BCAC6800E}.Debug9x|x86.ActiveCfg = Debug|Win32
		{2595D2BF-ECF4-4480-AE3A-E25BCAC6800E}.Debug9x|x86.Build.0 = Debug|Win32
		{2595D2BF-ECF4-4480-AE3A-E25BCAC6800E}.MinSizeRel|Any CPU.ActiveCfg = Release|x64
		{2595D2BF-ECF4-4480-AE3A-E25BCAC6800E}.MinSizeRel|Any CPU.Build.0 = Release|x64
		{2595D2BF-ECF4-4480-AE3A-E25BCAC6800E}.MinSizeRel|x64.ActiveCfg = Release|x64
		{2595D2BF-ECF4-4480-AE3A-E25BCAC6800E}.MinSizeRel|x64.Build.0 = Release|x64
		{2595D2BF-ECF4-4480-AE3A-E25BCAC6800E}.MinSizeRel|x86.ActiveCfg = Release|Win32
		{2595D2BF-ECF4-4480-AE3A-E25BCAC6800E}.MinSizeRel|x86.Build.0 = Release|Win32
		{2595D2BF-ECF4-4480-AE3A-E25BCAC6800E}.Release|Any CPU.ActiveCfg = Release|Win32
		{2595D2BF-ECF4-4480-AE3A-E25BCAC6800E}.Release|x64.ActiveCfg = Release|x64
		{2595D2BF-ECF4-4480-AE3A-E25BCAC6800E}.Release|x64.Build.0 = Release|x64
		{2595D2BF-ECF4-4480-AE3A-E25BCAC6800E}.Release|x86.ActiveCfg = Release|Win32
		{2595D2BF-ECF4-4480-AE3A-E25BCAC6800E}.Release|x86.Build.0 = Release|Win32
		{2595D2BF-ECF4-4480-AE3A-E25BCAC6800E}.Release9x|Any CPU.ActiveCfg = Release|x64
		{2595D2BF-ECF4-4480-AE3A-E25BCAC6800E}.Release9x|Any CPU.Build.0 = Release|x64
		{2595D2BF-ECF4-4480-AE3A-E25BCAC6800E}.Release9x|x64.ActiveCfg = Release|x64
		{2595D2BF-ECF4-4480-AE3A-E25BCAC6800E}.Release9x|x64.Build.0 = Release|x64
		{2595D2BF-ECF4-4480-AE3A-E25BCAC6800E}.Release9x|x86.ActiveCfg = Release|Win32
		{2595D2BF-ECF4-4480-AE3A-E25BCAC6800E}.Release9x|x86.Build.0 = Release|Win32
		{2595D2BF-ECF4-4480-AE3A-E25BCAC6800E}.RelWithDebInfo|Any CPU.ActiveCfg = Release|x64
		{2595D2BF-ECF4-4480-AE3A-E25BCAC6800E}.RelWithDebInfo|Any CPU.Build.0 = Release|x64
		{2595D2BF-ECF4-4480-AE3A-E25BCAC6800E}.RelWithDebInfo|x64.ActiveCfg = Release|x64
		{2595D2BF-ECF4-4480-AE3A-E25BCAC6800E}.RelWithDebInfo|x64.Build.0 = Release|x64
		{2595D2BF-ECF4-4480-AE3A-E25BCAC6800E}.RelWithDebInfo|x86.ActiveCfg = Release|Win32
		{2595D2BF-ECF4-4480-AE3A-E25BCAC6800E}.RelWithDebInfo|x86.Build.0 = Release|Win32
		{2595D2BF-ECF4-4480-AE3A-E25BCAC6800E}.Template|Any CPU.ActiveCfg = Release|x64
		{2595D2BF-ECF4-4480-AE3A-E25BCAC6800E}.Template|Any CPU.Build.0 = Release|x64
		{2595D2BF-ECF4-4480-AE3A-E25BCAC6800E}.Template|x64.ActiveCfg = Release|x64
		{2595D2BF-ECF4-4480-AE3A-E25BCAC6800E}.Template|x64.Build.0 = Release|x64
		{2595D2BF-ECF4-4480-AE3A-E25BCAC6800E}.Template|x86.ActiveCfg = Release|Win32
		{2595D2BF-ECF4-4480-AE3A-E25BCAC6800E}.Template|x86.Build.0 = Release|Win32
		{6A696997-6E0B-4BE3-A7EA-745DEDE66DED}.Debug|Any CPU.ActiveCfg = Debug|Any CPU
		{6A696997-6E0B-4BE3-A7EA-745DEDE66DED}.Debug|x64.ActiveCfg = Debug|Any CPU
		{6A696997-6E0B-4BE3-A7EA-745DEDE66DED}.Debug|x86.ActiveCfg = Debug|Any CPU
		{6A696997-6E0B-4BE3-A7EA-745DEDE66DED}.Debug9x|Any CPU.ActiveCfg = Debug|Any CPU
		{6A696997-6E0B-4BE3-A7EA-745DEDE66DED}.Debug9x|x64.ActiveCfg = Debug|Any CPU
		{6A696997-6E0B-4BE3-A7EA-745DEDE66DED}.Debug9x|x86.ActiveCfg = Debug|Any CPU
		{6A696997-6E0B-4BE3-A7EA-745DEDE66DED}.MinSizeRel|Any CPU.ActiveCfg = Release|Any CPU
		{6A696997-6E0B-4BE3-A7EA-745DEDE66DED}.MinSizeRel|x64.ActiveCfg = Release|Any CPU
		{6A696997-6E0B-4BE3-A7EA-745DEDE66DED}.MinSizeRel|x86.ActiveCfg = Release|Any CPU
		{6A696997-6E0B-4BE3-A7EA-745DEDE66DED}.Release|Any CPU.ActiveCfg = Release|Any CPU
		{6A696997-6E0B-4BE3-A7EA-745DEDE66DED}.Release|x64.ActiveCfg = Release|Any CPU
		{6A696997-6E0B-4BE3-A7EA-745DEDE66DED}.Release|x86.ActiveCfg = Release|Any CPU
		{6A696997-6E0B-4BE3-A7EA-745DEDE66DED}.Release9x|Any CPU.ActiveCfg = Release|Any CPU
		{6A696997-6E0B-4BE3-A7EA-745DEDE66DED}.Release9x|x64.ActiveCfg = Release|Any CPU
		{6A696997-6E0B-4BE3-A7EA-745DEDE66DED}.Release9x|x86.ActiveCfg = Release|Any CPU
		{6A696997-6E0B-4BE3-A7EA-745DEDE66DED}.RelWithDebInfo|Any CPU.ActiveCfg = Release|Any CPU
		{6A696997-6E0B-4BE3-A7EA-745DEDE66DED}.RelWithDebInfo|x64.ActiveCfg = Release|Any CPU
		{6A696997-6E0B-4BE3-A7EA-745DEDE66DED}.RelWithDebInfo|x86.ActiveCfg = Release|Any CPU
		{6A696997-6E0B-4BE3-A7EA-745DEDE66DED}.Template|Any CPU.ActiveCfg = Release|Any CPU
		{6A696997-6E0B-4BE3-A7EA-745DEDE66DED}.Template|x64.ActiveCfg = Release|Any CPU
		{6A696997-6E0B-4BE3-A7EA-745DEDE66DED}.Template|x86.ActiveCfg = Release|Any CPU
	EndGlobalSection
	GlobalSection(SolutionProperties) = preSolution
		HideSolutionNode = FALSE
	EndGlobalSection
	GlobalSection(NestedProjects) = preSolution
		{887E8C84-DFF6-38F4-9BCD-66EED843CD02} = {6586F7EE-54C7-49BF-AF54-9D474282E812}
		{CCA9BF59-616D-3538-8C96-56165A8F04DB} = {B7C9F5EA-F00B-4ABC-BACC-7183953C2DAF}
		{28E36FD4-ECB3-3FF0-B0EA-8B7A43246413} = {B7C9F5EA-F00B-4ABC-BACC-7183953C2DAF}
		{18635FA7-8321-3BB6-A417-71C2B9261AE2} = {B7C9F5EA-F00B-4ABC-BACC-7183953C2DAF}
		{CF7EAE32-8EBE-3E75-A830-A1E27D0B1C29} = {B7C9F5EA-F00B-4ABC-BACC-7183953C2DAF}
		{FE7DB81A-7054-3A8B-9001-D5BD24FB46C2} = {B7C9F5EA-F00B-4ABC-BACC-7183953C2DAF}
		{60963F2A-EF03-30E1-BED3-6DAB415BF953} = {B7C9F5EA-F00B-4ABC-BACC-7183953C2DAF}
		{68348866-476D-3354-858C-54D146D320E1} = {B7C9F5EA-F00B-4ABC-BACC-7183953C2DAF}
		{1DAE055D-2BC1-4FA5-A540-7FD163171C53} = {76397EB0-3F3C-4DB0-893E-076302129678}
		{C0D9C454-2BFF-3048-8592-96C05B86EB4C} = {B7C9F5EA-F00B-4ABC-BACC-7183953C2DAF}
		{737AB8D8-510F-4ED5-BE25-E7DEC2B74477} = {98261565-4438-474D-BE43-6E76EE0A3CC6}
		{008A424E-94FA-D0CE-8F78-8E655BAA0759} = {98261565-4438-474D-BE43-6E76EE0A3CC6}
		{58A821BC-E4AF-4DF4-9A54-2BAA22B92615} = {98261565-4438-474D-BE43-6E76EE0A3CC6}
		{2C3013F3-3D76-4949-84F5-2F82EF7E3533} = {C1C6A58B-CA31-4EB4-B171-18446A80542A}
		{76397EB0-3F3C-4DB0-893E-076302129678} = {7CBF3E96-FD89-4E71-A2D7-2728819ADCBB}
		{98261565-4438-474D-BE43-6E76EE0A3CC6} = {76397EB0-3F3C-4DB0-893E-076302129678}
		{C1C6A58B-CA31-4EB4-B171-18446A80542A} = {B7C9F5EA-F00B-4ABC-BACC-7183953C2DAF}
		{24010D81-F0CD-3899-A86B-85A772D40098} = {6586F7EE-54C7-49BF-AF54-9D474282E812}
		{2595D2BF-ECF4-4480-AE3A-E25BCAC6800E} = {6586F7EE-54C7-49BF-AF54-9D474282E812}
	EndGlobalSection
EndGlobal
